<?xml version="1.0" encoding="utf-8"?>
<Project ToolsVersion="4.0" xmlns="http://schemas.microsoft.com/developer/msbuild/2003">
  <ItemGroup>
    <Filter Include="Resource Files">
      <UniqueIdentifier>{67DA6AB6-F800-4c08-8B7A-83BB121AAD01}</UniqueIdentifier>
      <Extensions>rc;ico;cur;bmp;dlg;rc2;rct;bin;rgs;gif;jpg;jpeg;jpe;resx;tiff;tif;png;wav;mfcribbon-ms</Extensions>
    </Filter>
    <Filter Include="Framework Files">
      <UniqueIdentifier>{93995380-89BD-4b04-88EB-625FBE52EBFB}</UniqueIdentifier>
      <Extensions>h;hh;hpp;hxx;h++;hm;inl;inc;ipp;xsd</Extensions>
    </Filter>
    <Filter Include="Game Files">
      <UniqueIdentifier>{4FC737F1-C7A5-4376-A066-2A32D752A2FF}</UniqueIdentifier>
      <Extensions>cpp;c;cc;cxx;c++;cppm;ixx;def;odl;idl;hpj;bat;asm;asmx</Extensions>
    </Filter>
    <Filter Include="Game Files\Enemies">
      <UniqueIdentifier>{610e44be-1079-4653-a7ff-7e60b52d362b}</UniqueIdentifier>
    </Filter>
    <Filter Include="Game Files\Environment">
      <UniqueIdentifier>{dea060a3-3a19-4739-a5dc-62c335b33178}</UniqueIdentifier>
    </Filter>
    <Filter Include="Game Files\Items">
      <UniqueIdentifier>{36dfb829-b120-4b9f-b886-775fb796cacc}</UniqueIdentifier>
    </Filter>
    <Filter Include="Game Files\Items\Interactables">
      <UniqueIdentifier>{a5cde0bf-4bf3-4b87-93ed-cb2d0e8c5500}</UniqueIdentifier>
    </Filter>
    <Filter Include="Game Files\Items\PickUps">
      <UniqueIdentifier>{64c1e1fa-bed8-4191-82a0-faa3d2b35e9a}</UniqueIdentifier>
    </Filter>
  </ItemGroup>
  <ItemGroup>
    <ClCompile Include="Game.cpp">
      <Filter>Game Files</Filter>
    </ClCompile>
    <ClCompile Include="main.cpp">
      <Filter>Game Files</Filter>
    </ClCompile>
    <ClCompile Include="Matrix2x3.cpp">
      <Filter>Framework Files</Filter>
    </ClCompile>
    <ClCompile Include="pch.cpp">
      <Filter>Framework Files</Filter>
    </ClCompile>
    <ClCompile Include="SoundEffect.cpp">
      <Filter>Framework Files</Filter>
    </ClCompile>
    <ClCompile Include="SoundStream.cpp">
      <Filter>Framework Files</Filter>
    </ClCompile>
    <ClCompile Include="structs.cpp">
      <Filter>Framework Files</Filter>
    </ClCompile>
    <ClCompile Include="SVGParser.cpp">
      <Filter>Framework Files</Filter>
    </ClCompile>
    <ClCompile Include="Texture.cpp">
      <Filter>Framework Files</Filter>
    </ClCompile>
    <ClCompile Include="utils.cpp">
      <Filter>Framework Files</Filter>
    </ClCompile>
    <ClCompile Include="Vector2f.cpp">
      <Filter>Framework Files</Filter>
    </ClCompile>
    <ClCompile Include="Core.cpp">
      <Filter>Framework Files</Filter>
    </ClCompile>
    <ClCompile Include="Knight.cpp">
      <Filter>Game Files</Filter>
    </ClCompile>
    <ClCompile Include="Camera.cpp">
      <Filter>Game Files</Filter>
    </ClCompile>
    <ClCompile Include="Beeto.cpp">
      <Filter>Game Files\Enemies</Filter>
    </ClCompile>
    <ClCompile Include="Ladder.cpp">
      <Filter>Game Files\Environment</Filter>
    </ClCompile>
    <ClCompile Include="Item.cpp">
      <Filter>Game Files\Items</Filter>
    </ClCompile>
    <ClCompile Include="Platform.cpp">
      <Filter>Game Files\Items</Filter>
    </ClCompile>
    <ClCompile Include="Dragon.cpp">
      <Filter>Game Files\Enemies</Filter>
    </ClCompile>
    <ClCompile Include="Enemy.cpp">
      <Filter>Game Files\Enemies</Filter>
    </ClCompile>
    <ClCompile Include="DragonBubbles.cpp">
      <Filter>Game Files\Enemies</Filter>
    </ClCompile>
    <ClCompile Include="Skeleton.cpp">
      <Filter>Game Files\Enemies</Filter>
    </ClCompile>
    <ClCompile Include="Blorb.cpp">
      <Filter>Game Files\Enemies</Filter>
    </ClCompile>
    <ClCompile Include="Bird.cpp">
      <Filter>Game Files\Enemies</Filter>
    </ClCompile>
    <ClCompile Include="ObjectManager.cpp">
      <Filter>Game Files</Filter>
    </ClCompile>
    <ClCompile Include="Bubble.cpp">
      <Filter>Game Files\Items\Interactables</Filter>
    </ClCompile>
    <ClCompile Include="BreakableWall.cpp">
      <Filter>Game Files\Items\Interactables</Filter>
    </ClCompile>
    <ClCompile Include="Interactable.cpp">
      <Filter>Game Files\Items\Interactables</Filter>
    </ClCompile>
    <ClCompile Include="Rock.cpp">
      <Filter>Game Files\Items\Interactables</Filter>
    </ClCompile>
    <ClCompile Include="PickUp.cpp">
      <Filter>Game Files\Items\PickUps</Filter>
    </ClCompile>
    <ClCompile Include="MusicSheet.cpp">
      <Filter>Game Files\Items\PickUps</Filter>
    </ClCompile>
    <ClCompile Include="Gem.cpp">
      <Filter>Game Files\Items\PickUps</Filter>
    </ClCompile>
    <ClCompile Include="Chest.cpp">
      <Filter>Game Files\Items\Interactables</Filter>
    </ClCompile>
    <ClCompile Include="Platter.cpp">
      <Filter>Game Files\Items\Interactables</Filter>
    </ClCompile>
    <ClCompile Include="Chicken.cpp">
      <Filter>Game Files\Items\PickUps</Filter>
    </ClCompile>
    <ClCompile Include="Waterfall.cpp">
      <Filter>Game Files\Environment</Filter>
    </ClCompile>
    <ClCompile Include="Level.cpp">
      <Filter>Game Files\Environment</Filter>
    </ClCompile>
    <ClCompile Include="Checkpoint.cpp">
      <Filter>Game Files\Items\PickUps</Filter>
    </ClCompile>
    <ClCompile Include="DirtPile.cpp">
      <Filter>Game Files\Items\Interactables</Filter>
    </ClCompile>
    <ClCompile Include="HUD.cpp">
      <Filter>Game Files</Filter>
    </ClCompile>
  </ItemGroup>
  <ItemGroup>
    <ClInclude Include="pch.h">
      <Filter>Framework Files</Filter>
    </ClInclude>
    <ClInclude Include="Core.h">
      <Filter>Framework Files</Filter>
    </ClInclude>
    <ClInclude Include="Matrix2x3.h">
      <Filter>Framework Files</Filter>
    </ClInclude>
    <ClInclude Include="SoundEffect.h">
      <Filter>Framework Files</Filter>
    </ClInclude>
    <ClInclude Include="SoundStream.h">
      <Filter>Framework Files</Filter>
    </ClInclude>
    <ClInclude Include="structs.h">
      <Filter>Framework Files</Filter>
    </ClInclude>
    <ClInclude Include="SVGParser.h">
      <Filter>Framework Files</Filter>
    </ClInclude>
    <ClInclude Include="Texture.h">
      <Filter>Framework Files</Filter>
    </ClInclude>
    <ClInclude Include="utils.h">
      <Filter>Framework Files</Filter>
    </ClInclude>
    <ClInclude Include="Vector2f.h">
      <Filter>Framework Files</Filter>
    </ClInclude>
    <ClInclude Include="Game.h">
      <Filter>Game Files</Filter>
    </ClInclude>
    <ClInclude Include="Knight.h">
      <Filter>Game Files</Filter>
    </ClInclude>
    <ClInclude Include="Camera.h">
      <Filter>Game Files</Filter>
    </ClInclude>
    <ClInclude Include="Beeto.h">
      <Filter>Game Files\Enemies</Filter>
    </ClInclude>
    <ClInclude Include="Ladder.h">
      <Filter>Game Files\Environment</Filter>
    </ClInclude>
    <ClInclude Include="Item.h">
      <Filter>Game Files\Items</Filter>
    </ClInclude>
    <ClInclude Include="Platform.h">
      <Filter>Game Files\Items</Filter>
    </ClInclude>
    <ClInclude Include="Dragon.h">
      <Filter>Game Files\Enemies</Filter>
    </ClInclude>
    <ClInclude Include="Enemy.h">
      <Filter>Game Files\Enemies</Filter>
    </ClInclude>
    <ClInclude Include="DragonBubbles.h">
      <Filter>Game Files\Enemies</Filter>
    </ClInclude>
    <ClInclude Include="Skeleton.h">
      <Filter>Game Files\Enemies</Filter>
    </ClInclude>
    <ClInclude Include="Blorb.h">
      <Filter>Game Files\Enemies</Filter>
    </ClInclude>
    <ClInclude Include="Bird.h">
      <Filter>Game Files\Enemies</Filter>
    </ClInclude>
    <ClInclude Include="ObjectManager.h">
      <Filter>Game Files</Filter>
    </ClInclude>
    <ClInclude Include="Bubble.h">
      <Filter>Game Files\Items\Interactables</Filter>
    </ClInclude>
    <ClInclude Include="BreakableWall.h">
      <Filter>Game Files\Items\Interactables</Filter>
    </ClInclude>
    <ClInclude Include="Interactable.h">
      <Filter>Game Files\Items\Interactables</Filter>
    </ClInclude>
    <ClInclude Include="Rock.h">
      <Filter>Game Files\Items\Interactables</Filter>
    </ClInclude>
    <ClInclude Include="PickUp.h">
      <Filter>Game Files\Items\PickUps</Filter>
    </ClInclude>
    <ClInclude Include="MusicSheet.h">
      <Filter>Game Files\Items\PickUps</Filter>
    </ClInclude>
    <ClInclude Include="Gem.h">
      <Filter>Game Files\Items\PickUps</Filter>
    </ClInclude>
    <ClInclude Include="Chest.h">
      <Filter>Game Files\Items\Interactables</Filter>
    </ClInclude>
    <ClInclude Include="Platter.h">
      <Filter>Game Files\Items\Interactables</Filter>
    </ClInclude>
    <ClInclude Include="Chicken.h">
      <Filter>Game Files\Items\PickUps</Filter>
    </ClInclude>
    <ClInclude Include="Waterfall.h">
      <Filter>Game Files\Environment</Filter>
    </ClInclude>
    <ClInclude Include="Level.h">
      <Filter>Game Files\Environment</Filter>
    </ClInclude>
    <ClInclude Include="Checkpoint.h">
      <Filter>Game Files\Items\PickUps</Filter>
    </ClInclude>
    <ClInclude Include="DirtPile.h">
      <Filter>Game Files\Items\Interactables</Filter>
    </ClInclude>
    <ClInclude Include="HUD.h">
      <Filter>Game Files</Filter>
    </ClInclude>
  </ItemGroup>
</Project>